PODS:
  - XBAlertViewController (1.0.0)

DEPENDENCIES:
  - XBAlertViewController (from `../`)

EXTERNAL SOURCES:
  XBAlertViewController:
    :path: "../"

SPEC CHECKSUMS:
  XBAlertViewController: 369a420ecc62df1b582b834e79dcfb45465ff0d0

PODFILE CHECKSUM: baf3e5d1571fc9aa1588ec8e21e7c4bd0d268271

COCOAPODS: 1.9.1
