PODS:
  - XBAlertViewController (1.0.1)

DEPENDENCIES:
  - XBAlertViewController (from `../`)

EXTERNAL SOURCES:
  XBAlertViewController:
    :path: "../"

SPEC CHECKSUMS:
  XBAlertViewController: 9a95a06eaa5c05cf6b4bded26342b1537c8ed978

PODFILE CHECKSUM: baf3e5d1571fc9aa1588ec8e21e7c4bd0d268271

COCOAPODS: 1.9.1
